// !$*UTF8*$!
{
	archiveVersion = 1;
	classes = {
	};
	objectVersion = 50;
	objects = {

/* Begin PBXBuildFile section */
		AB11236625B8952E0082898E /* NewsTableViewController.swift in Sources */ = {isa = PBXBuildFile; fileRef = AB11236525B8952E0082898E /* NewsTableViewController.swift */; };
		AB340A7F25A3571B000F6C34 /* GroupsTableViewController.swift in Sources */ = {isa = PBXBuildFile; fileRef = AB340A7E25A3571B000F6C34 /* GroupsTableViewController.swift */; };
		AB340A8225A35778000F6C34 /* GroupsTableViewCell.swift in Sources */ = {isa = PBXBuildFile; fileRef = AB340A8125A35778000F6C34 /* GroupsTableViewCell.swift */; };
		AB340A8525A39405000F6C34 /* AllGroupsTableViewController.swift in Sources */ = {isa = PBXBuildFile; fileRef = AB340A8425A39405000F6C34 /* AllGroupsTableViewController.swift */; };
		AB340A8925A39A55000F6C34 /* User.swift in Sources */ = {isa = PBXBuildFile; fileRef = AB340A8825A39A55000F6C34 /* User.swift */; };
		AB340A8C25A39BDE000F6C34 /* Group.swift in Sources */ = {isa = PBXBuildFile; fileRef = AB340A8B25A39BDE000F6C34 /* Group.swift */; };
		AB54E5EC25A6603000D99269 /* СharacterPicker.swift in Sources */ = {isa = PBXBuildFile; fileRef = AB54E5EB25A6603000D99269 /* СharacterPicker.swift */; };
		AB54E5EF25A669C900D99269 /* FriendsViewController.swift in Sources */ = {isa = PBXBuildFile; fileRef = AB54E5EE25A669C900D99269 /* FriendsViewController.swift */; };
		AB5814E325B7220000C39ACB /* NewsCell.xib in Resources */ = {isa = PBXBuildFile; fileRef = AB5814E225B7220000C39ACB /* NewsCell.xib */; };
		AB5814E625B732D900C39ACB /* NewsCell.swift in Sources */ = {isa = PBXBuildFile; fileRef = AB5814E525B732D900C39ACB /* NewsCell.swift */; };
		AB6E424F25B1C75600E7FB2D /* PhotoViewController.swift in Sources */ = {isa = PBXBuildFile; fileRef = AB6E424E25B1C75600E7FB2D /* PhotoViewController.swift */; };
		AB6E484725B6371A00F7B66B /* HeaderView.xib in Resources */ = {isa = PBXBuildFile; fileRef = AB6E484625B6371A00F7B66B /* HeaderView.xib */; };
		AB6E484A25B637B400F7B66B /* HeaderView.swift in Sources */ = {isa = PBXBuildFile; fileRef = AB6E484925B637B400F7B66B /* HeaderView.swift */; };
		AB7CEF9825B9D37E0092EF04 /* LoadingView.swift in Sources */ = {isa = PBXBuildFile; fileRef = AB7CEF9725B9D37E0092EF04 /* LoadingView.swift */; };
		AB9DBEE525A3D7F8002B9B8A /* RoundedImageWithShedow.swift in Sources */ = {isa = PBXBuildFile; fileRef = AB9DBEE425A3D7F8002B9B8A /* RoundedImageWithShedow.swift */; };
		AB9DBEFC25A60E57002B9B8A /* LikeControl.swift in Sources */ = {isa = PBXBuildFile; fileRef = AB9DBEFB25A60E57002B9B8A /* LikeControl.swift */; };
		ABE5A62F258E142E00CEFEA1 /* AppDelegate.swift in Sources */ = {isa = PBXBuildFile; fileRef = ABE5A62E258E142E00CEFEA1 /* AppDelegate.swift */; };
		ABE5A631258E142E00CEFEA1 /* SceneDelegate.swift in Sources */ = {isa = PBXBuildFile; fileRef = ABE5A630258E142E00CEFEA1 /* SceneDelegate.swift */; };
		ABE5A636258E142E00CEFEA1 /* Main.storyboard in Resources */ = {isa = PBXBuildFile; fileRef = ABE5A634258E142E00CEFEA1 /* Main.storyboard */; };
		ABE5A638258E142F00CEFEA1 /* Assets.xcassets in Resources */ = {isa = PBXBuildFile; fileRef = ABE5A637258E142F00CEFEA1 /* Assets.xcassets */; };
		ABE5A63B258E142F00CEFEA1 /* LaunchScreen.storyboard in Resources */ = {isa = PBXBuildFile; fileRef = ABE5A639258E142F00CEFEA1 /* LaunchScreen.storyboard */; };
		ABF8885E258EAC1F00A29574 /* LoginViewController.swift in Sources */ = {isa = PBXBuildFile; fileRef = ABF8885D258EAC1F00A29574 /* LoginViewController.swift */; };
		ABF888DD2595FBCD00A29574 /* ProfileViewController.swift in Sources */ = {isa = PBXBuildFile; fileRef = ABF888DC2595FBCD00A29574 /* ProfileViewController.swift */; };
		ABF888E02596017200A29574 /* SignupViewController.swift in Sources */ = {isa = PBXBuildFile; fileRef = ABF888DF2596017200A29574 /* SignupViewController.swift */; };
		ABF88934259F7C9400A29574 /* FriendsTableViewCell.swift in Sources */ = {isa = PBXBuildFile; fileRef = ABF88933259F7C9400A29574 /* FriendsTableViewCell.swift */; };
		ABF88937259F846900A29574 /* FriendsPhotosCollectionViewController.swift in Sources */ = {isa = PBXBuildFile; fileRef = ABF88936259F846900A29574 /* FriendsPhotosCollectionViewController.swift */; };
		ABF8893A25A2437B00A29574 /* FriendsPhotosCollectionViewCell.swift in Sources */ = {isa = PBXBuildFile; fileRef = ABF8893925A2437B00A29574 /* FriendsPhotosCollectionViewCell.swift */; };
/* End PBXBuildFile section */

/* Begin PBXFileReference section */
		AB11236525B8952E0082898E /* NewsTableViewController.swift */ = {isa = PBXFileReference; lastKnownFileType = sourcecode.swift; path = NewsTableViewController.swift; sourceTree = "<group>"; };
		AB340A7E25A3571B000F6C34 /* GroupsTableViewController.swift */ = {isa = PBXFileReference; lastKnownFileType = sourcecode.swift; path = GroupsTableViewController.swift; sourceTree = "<group>"; };
		AB340A8125A35778000F6C34 /* GroupsTableViewCell.swift */ = {isa = PBXFileReference; lastKnownFileType = sourcecode.swift; path = GroupsTableViewCell.swift; sourceTree = "<group>"; };
		AB340A8425A39405000F6C34 /* AllGroupsTableViewController.swift */ = {isa = PBXFileReference; lastKnownFileType = sourcecode.swift; path = AllGroupsTableViewController.swift; sourceTree = "<group>"; };
		AB340A8825A39A55000F6C34 /* User.swift */ = {isa = PBXFileReference; lastKnownFileType = sourcecode.swift; path = User.swift; sourceTree = "<group>"; };
		AB340A8B25A39BDE000F6C34 /* Group.swift */ = {isa = PBXFileReference; lastKnownFileType = sourcecode.swift; path = Group.swift; sourceTree = "<group>"; };
		AB54E5EB25A6603000D99269 /* СharacterPicker.swift */ = {isa = PBXFileReference; lastKnownFileType = sourcecode.swift; path = "СharacterPicker.swift"; sourceTree = "<group>"; };
		AB54E5EE25A669C900D99269 /* FriendsViewController.swift */ = {isa = PBXFileReference; lastKnownFileType = sourcecode.swift; path = FriendsViewController.swift; sourceTree = "<group>"; };
		AB5814E225B7220000C39ACB /* NewsCell.xib */ = {isa = PBXFileReference; lastKnownFileType = file.xib; path = NewsCell.xib; sourceTree = "<group>"; };
		AB5814E525B732D900C39ACB /* NewsCell.swift */ = {isa = PBXFileReference; lastKnownFileType = sourcecode.swift; path = NewsCell.swift; sourceTree = "<group>"; };
		AB6E424E25B1C75600E7FB2D /* PhotoViewController.swift */ = {isa = PBXFileReference; lastKnownFileType = sourcecode.swift; path = PhotoViewController.swift; sourceTree = "<group>"; };
		AB6E484625B6371A00F7B66B /* HeaderView.xib */ = {isa = PBXFileReference; lastKnownFileType = file.xib; path = HeaderView.xib; sourceTree = "<group>"; };
		AB6E484925B637B400F7B66B /* HeaderView.swift */ = {isa = PBXFileReference; lastKnownFileType = sourcecode.swift; path = HeaderView.swift; sourceTree = "<group>"; };
		AB7CEF9725B9D37E0092EF04 /* LoadingView.swift */ = {isa = PBXFileReference; lastKnownFileType = sourcecode.swift; path = LoadingView.swift; sourceTree = "<group>"; };
		AB9DBEE425A3D7F8002B9B8A /* RoundedImageWithShedow.swift */ = {isa = PBXFileReference; lastKnownFileType = sourcecode.swift; path = RoundedImageWithShedow.swift; sourceTree = "<group>"; };
		AB9DBEFB25A60E57002B9B8A /* LikeControl.swift */ = {isa = PBXFileReference; lastKnownFileType = sourcecode.swift; path = LikeControl.swift; sourceTree = "<group>"; };
		ABE5A62B258E142E00CEFEA1 /* gb_ui.app */ = {isa = PBXFileReference; explicitFileType = wrapper.application; includeInIndex = 0; path = gb_ui.app; sourceTree = BUILT_PRODUCTS_DIR; };
		ABE5A62E258E142E00CEFEA1 /* AppDelegate.swift */ = {isa = PBXFileReference; lastKnownFileType = sourcecode.swift; path = AppDelegate.swift; sourceTree = "<group>"; };
		ABE5A630258E142E00CEFEA1 /* SceneDelegate.swift */ = {isa = PBXFileReference; lastKnownFileType = sourcecode.swift; path = SceneDelegate.swift; sourceTree = "<group>"; };
		ABE5A635258E142E00CEFEA1 /* Base */ = {isa = PBXFileReference; lastKnownFileType = file.storyboard; name = Base; path = Base.lproj/Main.storyboard; sourceTree = "<group>"; };
		ABE5A637258E142F00CEFEA1 /* Assets.xcassets */ = {isa = PBXFileReference; lastKnownFileType = folder.assetcatalog; path = Assets.xcassets; sourceTree = "<group>"; };
		ABE5A63A258E142F00CEFEA1 /* Base */ = {isa = PBXFileReference; lastKnownFileType = file.storyboard; name = Base; path = Base.lproj/LaunchScreen.storyboard; sourceTree = "<group>"; };
		ABE5A63C258E142F00CEFEA1 /* Info.plist */ = {isa = PBXFileReference; lastKnownFileType = text.plist.xml; path = Info.plist; sourceTree = "<group>"; };
		ABF8885D258EAC1F00A29574 /* LoginViewController.swift */ = {isa = PBXFileReference; lastKnownFileType = sourcecode.swift; path = LoginViewController.swift; sourceTree = "<group>"; };
		ABF888DC2595FBCD00A29574 /* ProfileViewController.swift */ = {isa = PBXFileReference; lastKnownFileType = sourcecode.swift; path = ProfileViewController.swift; sourceTree = "<group>"; };
		ABF888DF2596017200A29574 /* SignupViewController.swift */ = {isa = PBXFileReference; lastKnownFileType = sourcecode.swift; path = SignupViewController.swift; sourceTree = "<group>"; };
		ABF88933259F7C9400A29574 /* FriendsTableViewCell.swift */ = {isa = PBXFileReference; lastKnownFileType = sourcecode.swift; path = FriendsTableViewCell.swift; sourceTree = "<group>"; };
		ABF88936259F846900A29574 /* FriendsPhotosCollectionViewController.swift */ = {isa = PBXFileReference; lastKnownFileType = sourcecode.swift; path = FriendsPhotosCollectionViewController.swift; sourceTree = "<group>"; };
		ABF8893925A2437B00A29574 /* FriendsPhotosCollectionViewCell.swift */ = {isa = PBXFileReference; lastKnownFileType = sourcecode.swift; path = FriendsPhotosCollectionViewCell.swift; sourceTree = "<group>"; };
/* End PBXFileReference section */

/* Begin PBXFrameworksBuildPhase section */
		ABE5A628258E142E00CEFEA1 /* Frameworks */ = {
			isa = PBXFrameworksBuildPhase;
			buildActionMask = 2147483647;
			files = (
			);
			runOnlyForDeploymentPostprocessing = 0;
		};
/* End PBXFrameworksBuildPhase section */

/* Begin PBXGroup section */
		AB11236825B89F9B0082898E /* News */ = {
			isa = PBXGroup;
			children = (
				AB11236525B8952E0082898E /* NewsTableViewController.swift */,
			);
			path = News;
			sourceTree = "<group>";
		};
		AB340A8725A39A06000F6C34 /* Model */ = {
			isa = PBXGroup;
			children = (
				AB340A8825A39A55000F6C34 /* User.swift */,
				AB340A8B25A39BDE000F6C34 /* Group.swift */,
			);
			path = Model;
			sourceTree = "<group>";
		};
		AB6E484C25B63B3A00F7B66B /* Friends */ = {
			isa = PBXGroup;
			children = (
				ABF88936259F846900A29574 /* FriendsPhotosCollectionViewController.swift */,
				AB54E5EE25A669C900D99269 /* FriendsViewController.swift */,
				AB6E484625B6371A00F7B66B /* HeaderView.xib */,
				AB6E484925B637B400F7B66B /* HeaderView.swift */,
			);
			path = Friends;
			sourceTree = "<group>";
		};
		AB6E484D25B63B6800F7B66B /* Groups */ = {
			isa = PBXGroup;
			children = (
				AB340A8425A39405000F6C34 /* AllGroupsTableViewController.swift */,
				AB340A7E25A3571B000F6C34 /* GroupsTableViewController.swift */,
			);
			path = Groups;
			sourceTree = "<group>";
		};
		AB9DBEFA25A60DDE002B9B8A /* Controls */ = {
			isa = PBXGroup;
			children = (
				AB9DBEFB25A60E57002B9B8A /* LikeControl.swift */,
				AB54E5EB25A6603000D99269 /* СharacterPicker.swift */,
			);
			path = Controls;
			sourceTree = "<group>";
		};
		ABE5A622258E142E00CEFEA1 = {
			isa = PBXGroup;
			children = (
				AB11236825B89F9B0082898E /* News */,
				AB6E484D25B63B6800F7B66B /* Groups */,
				AB6E484C25B63B3A00F7B66B /* Friends */,
				AB9DBEFA25A60DDE002B9B8A /* Controls */,
				AB340A8725A39A06000F6C34 /* Model */,
				ABF8892E259F7BB100A29574 /* Cells */,
				ABE5A62D258E142E00CEFEA1 /* gb_ui */,
				ABE5A62C258E142E00CEFEA1 /* Products */,
			);
			sourceTree = "<group>";
		};
		ABE5A62C258E142E00CEFEA1 /* Products */ = {
			isa = PBXGroup;
			children = (
				ABE5A62B258E142E00CEFEA1 /* gb_ui.app */,
			);
			name = Products;
			sourceTree = "<group>";
		};
		ABE5A62D258E142E00CEFEA1 /* gb_ui */ = {
			isa = PBXGroup;
			children = (
				ABE5A62E258E142E00CEFEA1 /* AppDelegate.swift */,
				ABE5A630258E142E00CEFEA1 /* SceneDelegate.swift */,
				ABE5A634258E142E00CEFEA1 /* Main.storyboard */,
				AB7CEF9725B9D37E0092EF04 /* LoadingView.swift */,
				AB6E424E25B1C75600E7FB2D /* PhotoViewController.swift */,
				AB9DBEE425A3D7F8002B9B8A /* RoundedImageWithShedow.swift */,
				ABF888DF2596017200A29574 /* SignupViewController.swift */,
				ABF888DC2595FBCD00A29574 /* ProfileViewController.swift */,
				ABF8885D258EAC1F00A29574 /* LoginViewController.swift */,
				ABE5A637258E142F00CEFEA1 /* Assets.xcassets */,
				ABE5A639258E142F00CEFEA1 /* LaunchScreen.storyboard */,
				ABE5A63C258E142F00CEFEA1 /* Info.plist */,
			);
			path = gb_ui;
			sourceTree = "<group>";
		};
		ABF8892E259F7BB100A29574 /* Cells */ = {
			isa = PBXGroup;
			children = (
				ABF88933259F7C9400A29574 /* FriendsTableViewCell.swift */,
				ABF8893925A2437B00A29574 /* FriendsPhotosCollectionViewCell.swift */,
				AB340A8125A35778000F6C34 /* GroupsTableViewCell.swift */,
				AB5814E225B7220000C39ACB /* NewsCell.xib */,
				AB5814E525B732D900C39ACB /* NewsCell.swift */,
			);
			path = Cells;
			sourceTree = "<group>";
		};
/* End PBXGroup section */

/* Begin PBXNativeTarget section */
		ABE5A62A258E142E00CEFEA1 /* gb_ui */ = {
			isa = PBXNativeTarget;
			buildConfigurationList = ABE5A63F258E142F00CEFEA1 /* Build configuration list for PBXNativeTarget "gb_ui" */;
			buildPhases = (
				ABE5A627258E142E00CEFEA1 /* Sources */,
				ABE5A628258E142E00CEFEA1 /* Frameworks */,
				ABE5A629258E142E00CEFEA1 /* Resources */,
			);
			buildRules = (
			);
			dependencies = (
			);
			name = gb_ui;
			productName = gb_ui;
			productReference = ABE5A62B258E142E00CEFEA1 /* gb_ui.app */;
			productType = "com.apple.product-type.application";
		};
/* End PBXNativeTarget section */

/* Begin PBXProject section */
		ABE5A623258E142E00CEFEA1 /* Project object */ = {
			isa = PBXProject;
			attributes = {
				LastSwiftUpdateCheck = 1230;
				LastUpgradeCheck = 1230;
				TargetAttributes = {
					ABE5A62A258E142E00CEFEA1 = {
						CreatedOnToolsVersion = 12.3;
					};
				};
			};
			buildConfigurationList = ABE5A626258E142E00CEFEA1 /* Build configuration list for PBXProject "gb_ui" */;
			compatibilityVersion = "Xcode 9.3";
			developmentRegion = en;
			hasScannedForEncodings = 0;
			knownRegions = (
				en,
				Base,
			);
			mainGroup = ABE5A622258E142E00CEFEA1;
			productRefGroup = ABE5A62C258E142E00CEFEA1 /* Products */;
			projectDirPath = "";
			projectRoot = "";
			targets = (
				ABE5A62A258E142E00CEFEA1 /* gb_ui */,
			);
		};
/* End PBXProject section */

/* Begin PBXResourcesBuildPhase section */
		ABE5A629258E142E00CEFEA1 /* Resources */ = {
			isa = PBXResourcesBuildPhase;
			buildActionMask = 2147483647;
			files = (
				ABE5A63B258E142F00CEFEA1 /* LaunchScreen.storyboard in Resources */,
				ABE5A638258E142F00CEFEA1 /* Assets.xcassets in Resources */,
				AB5814E325B7220000C39ACB /* NewsCell.xib in Resources */,
				ABE5A636258E142E00CEFEA1 /* Main.storyboard in Resources */,
				AB6E484725B6371A00F7B66B /* HeaderView.xib in Resources */,
			);
			runOnlyForDeploymentPostprocessing = 0;
		};
/* End PBXResourcesBuildPhase section */

/* Begin PBXSourcesBuildPhase section */
		ABE5A627258E142E00CEFEA1 /* Sources */ = {
			isa = PBXSourcesBuildPhase;
			buildActionMask = 2147483647;
			files = (
				AB340A8925A39A55000F6C34 /* User.swift in Sources */,
				ABF8885E258EAC1F00A29574 /* LoginViewController.swift in Sources */,
				AB9DBEFC25A60E57002B9B8A /* LikeControl.swift in Sources */,
				AB7CEF9825B9D37E0092EF04 /* LoadingView.swift in Sources */,
				AB340A7F25A3571B000F6C34 /* GroupsTableViewController.swift in Sources */,
				AB9DBEE525A3D7F8002B9B8A /* RoundedImageWithShedow.swift in Sources */,
				AB11236625B8952E0082898E /* NewsTableViewController.swift in Sources */,
				ABF88937259F846900A29574 /* FriendsPhotosCollectionViewController.swift in Sources */,
				AB6E484A25B637B400F7B66B /* HeaderView.swift in Sources */,
				ABE5A62F258E142E00CEFEA1 /* AppDelegate.swift in Sources */,
				ABF8893A25A2437B00A29574 /* FriendsPhotosCollectionViewCell.swift in Sources */,
				AB6E424F25B1C75600E7FB2D /* PhotoViewController.swift in Sources */,
				AB340A8525A39405000F6C34 /* AllGroupsTableViewController.swift in Sources */,
				AB340A8C25A39BDE000F6C34 /* Group.swift in Sources */,
				AB54E5EF25A669C900D99269 /* FriendsViewController.swift in Sources */,
				ABF88934259F7C9400A29574 /* FriendsTableViewCell.swift in Sources */,
				AB5814E625B732D900C39ACB /* NewsCell.swift in Sources */,
				AB340A8225A35778000F6C34 /* GroupsTableViewCell.swift in Sources */,
				AB54E5EC25A6603000D99269 /* СharacterPicker.swift in Sources */,
				ABF888E02596017200A29574 /* SignupViewController.swift in Sources */,
				ABF888DD2595FBCD00A29574 /* ProfileViewController.swift in Sources */,
				ABE5A631258E142E00CEFEA1 /* SceneDelegate.swift in Sources */,
			);
			runOnlyForDeploymentPostprocessing = 0;
		};
/* End PBXSourcesBuildPhase section */

/* Begin PBXVariantGroup section */
		ABE5A634258E142E00CEFEA1 /* Main.storyboard */ = {
			isa = PBXVariantGroup;
			children = (
				ABE5A635258E142E00CEFEA1 /* Base */,
			);
			name = Main.storyboard;
			sourceTree = "<group>";
		};
		ABE5A639258E142F00CEFEA1 /* LaunchScreen.storyboard */ = {
			isa = PBXVariantGroup;
			children = (
				ABE5A63A258E142F00CEFEA1 /* Base */,
			);
			name = LaunchScreen.storyboard;
			sourceTree = "<group>";
		};
/* End PBXVariantGroup section */

/* Begin XCBuildConfiguration section */
		ABE5A63D258E142F00CEFEA1 /* Debug */ = {
			isa = XCBuildConfiguration;
			buildSettings = {
				ALWAYS_SEARCH_USER_PATHS = NO;
				CLANG_ANALYZER_NONNULL = YES;
				CLANG_ANALYZER_NUMBER_OBJECT_CONVERSION = YES_AGGRESSIVE;
				CLANG_CXX_LANGUAGE_STANDARD = "gnu++14";
				CLANG_CXX_LIBRARY = "libc++";
				CLANG_ENABLE_MODULES = YES;
				CLANG_ENABLE_OBJC_ARC = YES;
				CLANG_ENABLE_OBJC_WEAK = YES;
				CLANG_WARN_BLOCK_CAPTURE_AUTORELEASING = YES;
				CLANG_WARN_BOOL_CONVERSION = YES;
				CLANG_WARN_COMMA = YES;
				CLANG_WARN_CONSTANT_CONVERSION = YES;
				CLANG_WARN_DEPRECATED_OBJC_IMPLEMENTATIONS = YES;
				CLANG_WARN_DIRECT_OBJC_ISA_USAGE = YES_ERROR;
				CLANG_WARN_DOCUMENTATION_COMMENTS = YES;
				CLANG_WARN_EMPTY_BODY = YES;
				CLANG_WARN_ENUM_CONVERSION = YES;
				CLANG_WARN_INFINITE_RECURSION = YES;
				CLANG_WARN_INT_CONVERSION = YES;
				CLANG_WARN_NON_LITERAL_NULL_CONVERSION = YES;
				CLANG_WARN_OBJC_IMPLICIT_RETAIN_SELF = YES;
				CLANG_WARN_OBJC_LITERAL_CONVERSION = YES;
				CLANG_WARN_OBJC_ROOT_CLASS = YES_ERROR;
				CLANG_WARN_QUOTED_INCLUDE_IN_FRAMEWORK_HEADER = YES;
				CLANG_WARN_RANGE_LOOP_ANALYSIS = YES;
				CLANG_WARN_STRICT_PROTOTYPES = YES;
				CLANG_WARN_SUSPICIOUS_MOVE = YES;
				CLANG_WARN_UNGUARDED_AVAILABILITY = YES_AGGRESSIVE;
				CLANG_WARN_UNREACHABLE_CODE = YES;
				CLANG_WARN__DUPLICATE_METHOD_MATCH = YES;
				COPY_PHASE_STRIP = NO;
				DEBUG_INFORMATION_FORMAT = dwarf;
				ENABLE_STRICT_OBJC_MSGSEND = YES;
				ENABLE_TESTABILITY = YES;
				GCC_C_LANGUAGE_STANDARD = gnu11;
				GCC_DYNAMIC_NO_PIC = NO;
				GCC_NO_COMMON_BLOCKS = YES;
				GCC_OPTIMIZATION_LEVEL = 0;
				GCC_PREPROCESSOR_DEFINITIONS = (
					"DEBUG=1",
					"$(inherited)",
				);
				GCC_WARN_64_TO_32_BIT_CONVERSION = YES;
				GCC_WARN_ABOUT_RETURN_TYPE = YES_ERROR;
				GCC_WARN_UNDECLARED_SELECTOR = YES;
				GCC_WARN_UNINITIALIZED_AUTOS = YES_AGGRESSIVE;
				GCC_WARN_UNUSED_FUNCTION = YES;
				GCC_WARN_UNUSED_VARIABLE = YES;
				IPHONEOS_DEPLOYMENT_TARGET = 14.3;
				MTL_ENABLE_DEBUG_INFO = INCLUDE_SOURCE;
				MTL_FAST_MATH = YES;
				ONLY_ACTIVE_ARCH = YES;
				SDKROOT = iphoneos;
				SWIFT_ACTIVE_COMPILATION_CONDITIONS = DEBUG;
				SWIFT_OPTIMIZATION_LEVEL = "-Onone";
			};
			name = Debug;
		};
		ABE5A63E258E142F00CEFEA1 /* Release */ = {
			isa = XCBuildConfiguration;
			buildSettings = {
				ALWAYS_SEARCH_USER_PATHS = NO;
				CLANG_ANALYZER_NONNULL = YES;
				CLANG_ANALYZER_NUMBER_OBJECT_CONVERSION = YES_AGGRESSIVE;
				CLANG_CXX_LANGUAGE_STANDARD = "gnu++14";
				CLANG_CXX_LIBRARY = "libc++";
				CLANG_ENABLE_MODULES = YES;
				CLANG_ENABLE_OBJC_ARC = YES;
				CLANG_ENABLE_OBJC_WEAK = YES;
				CLANG_WARN_BLOCK_CAPTURE_AUTORELEASING = YES;
				CLANG_WARN_BOOL_CONVERSION = YES;
				CLANG_WARN_COMMA = YES;
				CLANG_WARN_CONSTANT_CONVERSION = YES;
				CLANG_WARN_DEPRECATED_OBJC_IMPLEMENTATIONS = YES;
				CLANG_WARN_DIRECT_OBJC_ISA_USAGE = YES_ERROR;
				CLANG_WARN_DOCUMENTATION_COMMENTS = YES;
				CLANG_WARN_EMPTY_BODY = YES;
				CLANG_WARN_ENUM_CONVERSION = YES;
				CLANG_WARN_INFINITE_RECURSION = YES;
				CLANG_WARN_INT_CONVERSION = YES;
				CLANG_WARN_NON_LITERAL_NULL_CONVERSION = YES;
				CLANG_WARN_OBJC_IMPLICIT_RETAIN_SELF = YES;
				CLANG_WARN_OBJC_LITERAL_CONVERSION = YES;
				CLANG_WARN_OBJC_ROOT_CLASS = YES_ERROR;
				CLANG_WARN_QUOTED_INCLUDE_IN_FRAMEWORK_HEADER = YES;
				CLANG_WARN_RANGE_LOOP_ANALYSIS = YES;
				CLANG_WARN_STRICT_PROTOTYPES = YES;
				CLANG_WARN_SUSPICIOUS_MOVE = YES;
				CLANG_WARN_UNGUARDED_AVAILABILITY = YES_AGGRESSIVE;
				CLANG_WARN_UNREACHABLE_CODE = YES;
				CLANG_WARN__DUPLICATE_METHOD_MATCH = YES;
				COPY_PHASE_STRIP = NO;
				DEBUG_INFORMATION_FORMAT = "dwarf-with-dsym";
				ENABLE_NS_ASSERTIONS = NO;
				ENABLE_STRICT_OBJC_MSGSEND = YES;
				GCC_C_LANGUAGE_STANDARD = gnu11;
				GCC_NO_COMMON_BLOCKS = YES;
				GCC_WARN_64_TO_32_BIT_CONVERSION = YES;
				GCC_WARN_ABOUT_RETURN_TYPE = YES_ERROR;
				GCC_WARN_UNDECLARED_SELECTOR = YES;
				GCC_WARN_UNINITIALIZED_AUTOS = YES_AGGRESSIVE;
				GCC_WARN_UNUSED_FUNCTION = YES;
				GCC_WARN_UNUSED_VARIABLE = YES;
				IPHONEOS_DEPLOYMENT_TARGET = 14.3;
				MTL_ENABLE_DEBUG_INFO = NO;
				MTL_FAST_MATH = YES;
				SDKROOT = iphoneos;
				SWIFT_COMPILATION_MODE = wholemodule;
				SWIFT_OPTIMIZATION_LEVEL = "-O";
				VALIDATE_PRODUCT = YES;
			};
			name = Release;
		};
		ABE5A640258E142F00CEFEA1 /* Debug */ = {
			isa = XCBuildConfiguration;
			buildSettings = {
				ASSETCATALOG_COMPILER_APPICON_NAME = AppIcon;
				ASSETCATALOG_COMPILER_GLOBAL_ACCENT_COLOR_NAME = AccentColor;
				CODE_SIGN_IDENTITY = "Apple Development";
				CODE_SIGN_STYLE = Automatic;
				DEVELOPMENT_TEAM = 93LWHTP5BH;
				INFOPLIST_FILE = gb_ui/Info.plist;
				LD_RUNPATH_SEARCH_PATHS = (
					"$(inherited)",
					"@executable_path/Frameworks",
				);
				PRODUCT_BUNDLE_IDENTIFIER = "rs.newhome.gb-ui";
				PRODUCT_NAME = "$(TARGET_NAME)";
				PROVISIONING_PROFILE_SPECIFIER = "";
				SWIFT_VERSION = 5.0;
				TARGETED_DEVICE_FAMILY = 1;
			};
			name = Debug;
		};
		ABE5A641258E142F00CEFEA1 /* Release */ = {
			isa = XCBuildConfiguration;
			buildSettings = {
				ASSETCATALOG_COMPILER_APPICON_NAME = AppIcon;
				ASSETCATALOG_COMPILER_GLOBAL_ACCENT_COLOR_NAME = AccentColor;
				CODE_SIGN_IDENTITY = "Apple Development";
				CODE_SIGN_STYLE = Automatic;
				DEVELOPMENT_TEAM = 93LWHTP5BH;
				INFOPLIST_FILE = gb_ui/Info.plist;
				LD_RUNPATH_SEARCH_PATHS = (
					"$(inherited)",
					"@executable_path/Frameworks",
				);
				PRODUCT_BUNDLE_IDENTIFIER = "rs.newhome.gb-ui";
				PRODUCT_NAME = "$(TARGET_NAME)";
				PROVISIONING_PROFILE_SPECIFIER = "";
				SWIFT_VERSION = 5.0;
				TARGETED_DEVICE_FAMILY = 1;
			};
			name = Release;
		};
/* End XCBuildConfiguration section */

/* Begin XCConfigurationList section */
		ABE5A626258E142E00CEFEA1 /* Build configuration list for PBXProject "gb_ui" */ = {
			isa = XCConfigurationList;
			buildConfigurations = (
				ABE5A63D258E142F00CEFEA1 /* Debug */,
				ABE5A63E258E142F00CEFEA1 /* Release */,
			);
			defaultConfigurationIsVisible = 0;
			defaultConfigurationName = Release;
		};
		ABE5A63F258E142F00CEFEA1 /* Build configuration list for PBXNativeTarget "gb_ui" */ = {
			isa = XCConfigurationList;
			buildConfigurations = (
				ABE5A640258E142F00CEFEA1 /* Debug */,
				ABE5A641258E142F00CEFEA1 /* Release */,
			);
			defaultConfigurationIsVisible = 0;
			defaultConfigurationName = Release;
		};
/* End XCConfigurationList section */
	};
	rootObject = ABE5A623258E142E00CEFEA1 /* Project object */;
}
